
Microsoft Visual Studio Solution File, Format Version 12.00
# Visual Studio Version 16
VisualStudioVersion = 16.0.31410.357
MinimumVisualStudioVersion = 10.0.40219.1
Project("{FAE04EC0-301F-11D3-BF4B-00C04F79EFBC}") = "TaSysProject", "TaSysProject\TaSysProject.csproj", "{08F15FFC-AF24-43CF-A1FE-CDA7C9DCB183}"
EndProject
Global
	GlobalSection(SolutionConfigurationPlatforms) = preSolution
		Debug|Any CPU = Debug|Any CPU
		Release|Any CPU = Release|Any CPU
	EndGlobalSection
	GlobalSection(ProjectConfigurationPlatforms) = postSolution
		{08F15FFC-AF24-43CF-A1FE-CDA7C9DCB183}.Debug|Any CPU.ActiveCfg = Debug|Any CPU
		{08F15FFC-AF24-43CF-A1FE-CDA7C9DCB183}.Debug|Any CPU.Build.0 = Debug|Any CPU
		{08F15FFC-AF24-43CF-A1FE-CDA7C9DCB183}.Release|Any CPU.ActiveCfg = Release|Any CPU
		{08F15FFC-AF24-43CF-A1FE-CDA7C9DCB183}.Release|Any CPU.Build.0 = Release|Any CPU
	EndGlobalSection
	GlobalSection(SolutionProperties) = preSolution
		HideSolutionNode = FALSE
	EndGlobalSection
	GlobalSection(ExtensibilityGlobals) = postSolution
		SolutionGuid = {43E7F804-C043-4D7F-B2A8-13ED1A3A2AC2}
	EndGlobalSection
EndGlobal
